
Microsoft Visual Studio Solution File, Format Version 12.00
# Visual Studio 15
VisualStudioVersion = 15.0.28307.779
MinimumVisualStudioVersion = 10.0.40219.1
Project("{FAE04EC0-301F-11D3-BF4B-00C04F79EFBC}") = "Rubik Cube", "Rubik Cube.csproj", "{81C32212-5EEA-4FA6-85EF-58AEBEA921EF}"
EndProject
Global
	GlobalSection(SolutionConfigurationPlatforms) = preSolution
		Debug|Any CPU = Debug|Any CPU
		Release|Any CPU = Release|Any CPU
	EndGlobalSection
	GlobalSection(ProjectConfigurationPlatforms) = postSolution
		{81C32212-5EEA-4FA6-85EF-58AEBEA921EF}.Debug|Any CPU.ActiveCfg = Debug|Any CPU
		{81C32212-5EEA-4FA6-85EF-58AEBEA921EF}.Debug|Any CPU.Build.0 = Debug|Any CPU
		{81C32212-5EEA-4FA6-85EF-58AEBEA921EF}.Release|Any CPU.ActiveCfg = Release|Any CPU
		{81C32212-5EEA-4FA6-85EF-58AEBEA921EF}.Release|Any CPU.Build.0 = Release|Any CPU
	EndGlobalSection
	GlobalSection(SolutionProperties) = preSolution
		HideSolutionNode = FALSE
	EndGlobalSection
	GlobalSection(ExtensibilityGlobals) = postSolution
		SolutionGuid = {8B37A47E-A97D-4486-A972-DACF5205DB14}
	EndGlobalSection
EndGlobal
